
Microsoft Visual Studio Solution File, Format Version 12.00
# Visual Studio 2013
VisualStudioVersion = 12.0.21005.1
MinimumVisualStudioVersion = 10.0.40219.1
Project("{CC5FD16D-436D-48AD-A40C-5A424C6E3E79}") = "WindowsAzure4", "WindowsAzure4\WindowsAzure4.ccproj", "{28055798-B9C6-454A-8B5C-4ECE5068133F}"
EndProject
Project("{FAE04EC0-301F-11D3-BF4B-00C04F79EFBC}") = "WebRole1", "WebRole1\WebRole1.csproj", "{570C1946-09EF-425F-A3ED-17C2E7A4B4ED}"
EndProject
Global
	GlobalSection(SolutionConfigurationPlatforms) = preSolution
		Debug|Any CPU = Debug|Any CPU
		Release|Any CPU = Release|Any CPU
	EndGlobalSection
	GlobalSection(ProjectConfigurationPlatforms) = postSolution
		{28055798-B9C6-454A-8B5C-4ECE5068133F}.Debug|Any CPU.ActiveCfg = Debug|Any CPU
		{28055798-B9C6-454A-8B5C-4ECE5068133F}.Debug|Any CPU.Build.0 = Debug|Any CPU
		{28055798-B9C6-454A-8B5C-4ECE5068133F}.Release|Any CPU.ActiveCfg = Release|Any CPU
		{28055798-B9C6-454A-8B5C-4ECE5068133F}.Release|Any CPU.Build.0 = Release|Any CPU
		{570C1946-09EF-425F-A3ED-17C2E7A4B4ED}.Debug|Any CPU.ActiveCfg = Debug|Any CPU
		{570C1946-09EF-425F-A3ED-17C2E7A4B4ED}.Debug|Any CPU.Build.0 = Debug|Any CPU
		{570C1946-09EF-425F-A3ED-17C2E7A4B4ED}.Release|Any CPU.ActiveCfg = Release|Any CPU
		{570C1946-09EF-425F-A3ED-17C2E7A4B4ED}.Release|Any CPU.Build.0 = Release|Any CPU
	EndGlobalSection
	GlobalSection(SolutionProperties) = preSolution
		HideSolutionNode = FALSE
	EndGlobalSection
EndGlobal
